
Microsoft Visual Studio Solution File, Format Version 12.00
# Visual Studio Version 17
VisualStudioVersion = 17.2.32519.379
MinimumVisualStudioVersion = 10.0.40219.1
Project("{9A19103F-16F7-4668-BE54-9A1E7A4F7556}") = "VRC-OSC-AudioEars", "VRC-OSC-AudioEars\VRC-OSC-AudioEars.csproj", "{57F37189-DA59-4262-B4D9-6DE42F963634}"
EndProject
Project("{930C7802-8A8C-48F9-8165-68863BCCD9DD}") = "Installer", "Installer\Installer.wixproj", "{D1B37C4A-6C0E-4B2A-B884-AD6B530532AD}"
EndProject
Global
	GlobalSection(SolutionConfigurationPlatforms) = preSolution
		Debug|Any CPU = Debug|Any CPU
		Debug|ARM = Debug|ARM
		Debug|ARM64 = Debug|ARM64
		Debug|x64 = Debug|x64
		Debug|x86 = Debug|x86
		Release|Any CPU = Release|Any CPU
		Release|ARM = Release|ARM
		Release|ARM64 = Release|ARM64
		Release|x64 = Release|x64
		Release|x86 = Release|x86
	EndGlobalSection
	GlobalSection(ProjectConfigurationPlatforms) = postSolution
		{57F37189-DA59-4262-B4D9-6DE42F963634}.Debug|Any CPU.ActiveCfg = Debug|Any CPU
		{57F37189-DA59-4262-B4D9-6DE42F963634}.Debug|Any CPU.Build.0 = Debug|Any CPU
		{57F37189-DA59-4262-B4D9-6DE42F963634}.Debug|ARM.ActiveCfg = Debug|Any CPU
		{57F37189-DA59-4262-B4D9-6DE42F963634}.Debug|ARM.Build.0 = Debug|Any CPU
		{57F37189-DA59-4262-B4D9-6DE42F963634}.Debug|ARM64.ActiveCfg = Debug|Any CPU
		{57F37189-DA59-4262-B4D9-6DE42F963634}.Debug|ARM64.Build.0 = Debug|Any CPU
		{57F37189-DA59-4262-B4D9-6DE42F963634}.Debug|x64.ActiveCfg = Debug|Any CPU
		{57F37189-DA59-4262-B4D9-6DE42F963634}.Debug|x64.Build.0 = Debug|Any CPU
		{57F37189-DA59-4262-B4D9-6DE42F963634}.Debug|x86.ActiveCfg = Debug|Any CPU
		{57F37189-DA59-4262-B4D9-6DE42F963634}.Debug|x86.Build.0 = Debug|Any CPU
		{57F37189-DA59-4262-B4D9-6DE42F963634}.Release|Any CPU.ActiveCfg = Release|Any CPU
		{57F37189-DA59-4262-B4D9-6DE42F963634}.Release|Any CPU.Build.0 = Release|Any CPU
		{57F37189-DA59-4262-B4D9-6DE42F963634}.Release|ARM.ActiveCfg = Release|Any CPU
		{57F37189-DA59-4262-B4D9-6DE42F963634}.Release|ARM.Build.0 = Release|Any CPU
		{57F37189-DA59-4262-B4D9-6DE42F963634}.Release|ARM64.ActiveCfg = Release|Any CPU
		{57F37189-DA59-4262-B4D9-6DE42F963634}.Release|ARM64.Build.0 = Release|Any CPU
		{57F37189-DA59-4262-B4D9-6DE42F963634}.Release|x64.ActiveCfg = Release|Any CPU
		{57F37189-DA59-4262-B4D9-6DE42F963634}.Release|x64.Build.0 = Release|Any CPU
		{57F37189-DA59-4262-B4D9-6DE42F963634}.Release|x86.ActiveCfg = Release|Any CPU
		{57F37189-DA59-4262-B4D9-6DE42F963634}.Release|x86.Build.0 = Release|Any CPU
		{D1B37C4A-6C0E-4B2A-B884-AD6B530532AD}.Debug|Any CPU.ActiveCfg = Debug|x86
		{D1B37C4A-6C0E-4B2A-B884-AD6B530532AD}.Debug|Any CPU.Build.0 = Debug|x86
		{D1B37C4A-6C0E-4B2A-B884-AD6B530532AD}.Debug|ARM.ActiveCfg = Debug|x86
		{D1B37C4A-6C0E-4B2A-B884-AD6B530532AD}.Debug|ARM.Build.0 = Debug|x86
		{D1B37C4A-6C0E-4B2A-B884-AD6B530532AD}.Debug|ARM64.ActiveCfg = Debug|x86
		{D1B37C4A-6C0E-4B2A-B884-AD6B530532AD}.Debug|ARM64.Build.0 = Debug|x86
		{D1B37C4A-6C0E-4B2A-B884-AD6B530532AD}.Debug|x64.ActiveCfg = Debug|x86
		{D1B37C4A-6C0E-4B2A-B884-AD6B530532AD}.Debug|x64.Build.0 = Debug|x86
		{D1B37C4A-6C0E-4B2A-B884-AD6B530532AD}.Debug|x86.ActiveCfg = Debug|x86
		{D1B37C4A-6C0E-4B2A-B884-AD6B530532AD}.Debug|x86.Build.0 = Debug|x86
		{D1B37C4A-6C0E-4B2A-B884-AD6B530532AD}.Release|Any CPU.ActiveCfg = Release|x86
		{D1B37C4A-6C0E-4B2A-B884-AD6B530532AD}.Release|Any CPU.Build.0 = Release|x86
		{D1B37C4A-6C0E-4B2A-B884-AD6B530532AD}.Release|ARM.ActiveCfg = Release|x86
		{D1B37C4A-6C0E-4B2A-B884-AD6B530532AD}.Release|ARM.Build.0 = Release|x86
		{D1B37C4A-6C0E-4B2A-B884-AD6B530532AD}.Release|ARM64.ActiveCfg = Release|x86
		{D1B37C4A-6C0E-4B2A-B884-AD6B530532AD}.Release|ARM64.Build.0 = Release|x86
		{D1B37C4A-6C0E-4B2A-B884-AD6B530532AD}.Release|x64.ActiveCfg = Release|x86
		{D1B37C4A-6C0E-4B2A-B884-AD6B530532AD}.Release|x64.Build.0 = Release|x86
		{D1B37C4A-6C0E-4B2A-B884-AD6B530532AD}.Release|x86.ActiveCfg = Release|x86
		{D1B37C4A-6C0E-4B2A-B884-AD6B530532AD}.Release|x86.Build.0 = Release|x86
	EndGlobalSection
	GlobalSection(SolutionProperties) = preSolution
		HideSolutionNode = FALSE
	EndGlobalSection
	GlobalSection(ExtensibilityGlobals) = postSolution
		SolutionGuid = {6E424C75-7D58-47DF-8504-2B23D411F633}
	EndGlobalSection
EndGlobal
