
Microsoft Visual Studio Solution File, Format Version 12.00
Project("{9A19103F-16F7-4668-BE54-9A1E7A4F7556}") = "VRC-OSC-AudioEars", "VRC-OSC-AudioEars\VRC-OSC-AudioEars.csproj", "{57F37189-DA59-4262-B4D9-6DE42F963634}"
EndProject
Global
	GlobalSection(SolutionConfigurationPlatforms) = preSolution
		Debug|Any CPU = Debug|Any CPU
		Release|Any CPU = Release|Any CPU
	EndGlobalSection
	GlobalSection(ProjectConfigurationPlatforms) = postSolution
		{57F37189-DA59-4262-B4D9-6DE42F963634}.Debug|Any CPU.ActiveCfg = Debug|Any CPU
		{57F37189-DA59-4262-B4D9-6DE42F963634}.Debug|Any CPU.Build.0 = Debug|Any CPU
		{57F37189-DA59-4262-B4D9-6DE42F963634}.Release|Any CPU.ActiveCfg = Release|Any CPU
		{57F37189-DA59-4262-B4D9-6DE42F963634}.Release|Any CPU.Build.0 = Release|Any CPU
	EndGlobalSection
	GlobalSection(SolutionProperties) = preSolution
		HideSolutionNode = FALSE
	EndGlobalSection
	GlobalSection(ExtensibilityGlobals) = postSolution
		SolutionGuid = {6E424C75-7D58-47DF-8504-2B23D411F633}
	EndGlobalSection
EndGlobal
